
Microsoft Visual Studio Solution File, Format Version 12.00
# Visual Studio 15
VisualStudioVersion = 15.0.28307.329
MinimumVisualStudioVersion = 10.0.40219.1
Project("{FAE04EC0-301F-11D3-BF4B-00C04F79EFBC}") = "Company1111", "Company1111\Company1111.csproj", "{90095C8E-E094-4ED0-BD02-DDBD510FB797}"
EndProject
Global
	GlobalSection(SolutionConfigurationPlatforms) = preSolution
		Debug|Any CPU = Debug|Any CPU
		Release|Any CPU = Release|Any CPU
	EndGlobalSection
	GlobalSection(ProjectConfigurationPlatforms) = postSolution
		{90095C8E-E094-4ED0-BD02-DDBD510FB797}.Debug|Any CPU.ActiveCfg = Debug|Any CPU
		{90095C8E-E094-4ED0-BD02-DDBD510FB797}.Debug|Any CPU.Build.0 = Debug|Any CPU
		{90095C8E-E094-4ED0-BD02-DDBD510FB797}.Release|Any CPU.ActiveCfg = Release|Any CPU
		{90095C8E-E094-4ED0-BD02-DDBD510FB797}.Release|Any CPU.Build.0 = Release|Any CPU
	EndGlobalSection
	GlobalSection(SolutionProperties) = preSolution
		HideSolutionNode = FALSE
	EndGlobalSection
	GlobalSection(ExtensibilityGlobals) = postSolution
		SolutionGuid = {D92A065E-25A1-4C97-B934-E5541645BF87}
	EndGlobalSection
EndGlobal
